
Microsoft Visual Studio Solution File, Format Version 11.00
# Visual Basic Express 2010
Project("{F184B08F-C81C-45F6-A57F-5ABD9991F28F}") = "p21", "p21\p21.vbproj", "{CCE95F11-D8A3-43A9-B14A-6AAE48892CBA}"
EndProject
Global
	GlobalSection(SolutionConfigurationPlatforms) = preSolution
		Debug|x86 = Debug|x86
		Release|x86 = Release|x86
	EndGlobalSection
	GlobalSection(ProjectConfigurationPlatforms) = postSolution
		{CCE95F11-D8A3-43A9-B14A-6AAE48892CBA}.Debug|x86.ActiveCfg = Debug|x86
		{CCE95F11-D8A3-43A9-B14A-6AAE48892CBA}.Debug|x86.Build.0 = Debug|x86
		{CCE95F11-D8A3-43A9-B14A-6AAE48892CBA}.Release|x86.ActiveCfg = Release|x86
		{CCE95F11-D8A3-43A9-B14A-6AAE48892CBA}.Release|x86.Build.0 = Release|x86
	EndGlobalSection
	GlobalSection(SolutionProperties) = preSolution
		HideSolutionNode = FALSE
	EndGlobalSection
EndGlobal
